
Microsoft Visual Studio Solution File, Format Version 12.00
# Visual Studio Version 16
VisualStudioVersion = 16.0.30406.217
MinimumVisualStudioVersion = 10.0.40219.1
Project("{FAE04EC0-301F-11D3-BF4B-00C04F79EFBC}") = "WaterMeMobile.Android", "WaterMeMobile.Android\WaterMeMobile.Android.csproj", "{FCCA5C41-2D8A-4B1F-990A-3DF9715F881D}"
EndProject
Project("{FAE04EC0-301F-11D3-BF4B-00C04F79EFBC}") = "WaterMeMobile.iOS", "WaterMeMobile.iOS\WaterMeMobile.iOS.csproj", "{28702756-C3CB-4560-84C4-E8AEA2B22030}"
EndProject
Project("{FAE04EC0-301F-11D3-BF4B-00C04F79EFBC}") = "WaterMeMobile", "WaterMeMobile\WaterMeMobile.csproj", "{93E8954E-7819-4725-9F30-9CEA6E207A3A}"
EndProject
Global
	GlobalSection(SolutionConfigurationPlatforms) = preSolution
		Debug|Any CPU = Debug|Any CPU
		Debug|iPhone = Debug|iPhone
		Debug|iPhoneSimulator = Debug|iPhoneSimulator
		Release|Any CPU = Release|Any CPU
		Release|iPhone = Release|iPhone
		Release|iPhoneSimulator = Release|iPhoneSimulator
	EndGlobalSection
	GlobalSection(ProjectConfigurationPlatforms) = postSolution
		{FCCA5C41-2D8A-4B1F-990A-3DF9715F881D}.Debug|Any CPU.ActiveCfg = Debug|Any CPU
		{FCCA5C41-2D8A-4B1F-990A-3DF9715F881D}.Debug|Any CPU.Build.0 = Debug|Any CPU
		{FCCA5C41-2D8A-4B1F-990A-3DF9715F881D}.Debug|Any CPU.Deploy.0 = Debug|Any CPU
		{FCCA5C41-2D8A-4B1F-990A-3DF9715F881D}.Debug|iPhone.ActiveCfg = Debug|Any CPU
		{FCCA5C41-2D8A-4B1F-990A-3DF9715F881D}.Debug|iPhone.Build.0 = Debug|Any CPU
		{FCCA5C41-2D8A-4B1F-990A-3DF9715F881D}.Debug|iPhone.Deploy.0 = Debug|Any CPU
		{FCCA5C41-2D8A-4B1F-990A-3DF9715F881D}.Debug|iPhoneSimulator.ActiveCfg = Debug|Any CPU
		{FCCA5C41-2D8A-4B1F-990A-3DF9715F881D}.Debug|iPhoneSimulator.Build.0 = Debug|Any CPU
		{FCCA5C41-2D8A-4B1F-990A-3DF9715F881D}.Debug|iPhoneSimulator.Deploy.0 = Debug|Any CPU
		{FCCA5C41-2D8A-4B1F-990A-3DF9715F881D}.Release|Any CPU.ActiveCfg = Release|Any CPU
		{FCCA5C41-2D8A-4B1F-990A-3DF9715F881D}.Release|Any CPU.Build.0 = Release|Any CPU
		{FCCA5C41-2D8A-4B1F-990A-3DF9715F881D}.Release|Any CPU.Deploy.0 = Release|Any CPU
		{FCCA5C41-2D8A-4B1F-990A-3DF9715F881D}.Release|iPhone.ActiveCfg = Release|Any CPU
		{FCCA5C41-2D8A-4B1F-990A-3DF9715F881D}.Release|iPhone.Build.0 = Release|Any CPU
		{FCCA5C41-2D8A-4B1F-990A-3DF9715F881D}.Release|iPhone.Deploy.0 = Release|Any CPU
		{FCCA5C41-2D8A-4B1F-990A-3DF9715F881D}.Release|iPhoneSimulator.ActiveCfg = Release|Any CPU
		{FCCA5C41-2D8A-4B1F-990A-3DF9715F881D}.Release|iPhoneSimulator.Build.0 = Release|Any CPU
		{FCCA5C41-2D8A-4B1F-990A-3DF9715F881D}.Release|iPhoneSimulator.Deploy.0 = Release|Any CPU
		{28702756-C3CB-4560-84C4-E8AEA2B22030}.Debug|Any CPU.ActiveCfg = Debug|iPhone
		{28702756-C3CB-4560-84C4-E8AEA2B22030}.Debug|Any CPU.Build.0 = Debug|iPhone
		{28702756-C3CB-4560-84C4-E8AEA2B22030}.Debug|Any CPU.Deploy.0 = Debug|iPhone
		{28702756-C3CB-4560-84C4-E8AEA2B22030}.Debug|iPhone.ActiveCfg = Debug|iPhone
		{28702756-C3CB-4560-84C4-E8AEA2B22030}.Debug|iPhone.Build.0 = Debug|iPhone
		{28702756-C3CB-4560-84C4-E8AEA2B22030}.Debug|iPhone.Deploy.0 = Debug|iPhone
		{28702756-C3CB-4560-84C4-E8AEA2B22030}.Debug|iPhoneSimulator.ActiveCfg = Debug|iPhoneSimulator
		{28702756-C3CB-4560-84C4-E8AEA2B22030}.Debug|iPhoneSimulator.Build.0 = Debug|iPhoneSimulator
		{28702756-C3CB-4560-84C4-E8AEA2B22030}.Debug|iPhoneSimulator.Deploy.0 = Debug|iPhoneSimulator
		{28702756-C3CB-4560-84C4-E8AEA2B22030}.Release|Any CPU.ActiveCfg = Release|iPhone
		{28702756-C3CB-4560-84C4-E8AEA2B22030}.Release|Any CPU.Build.0 = Release|iPhone
		{28702756-C3CB-4560-84C4-E8AEA2B22030}.Release|Any CPU.Deploy.0 = Release|iPhone
		{28702756-C3CB-4560-84C4-E8AEA2B22030}.Release|iPhone.ActiveCfg = Release|iPhone
		{28702756-C3CB-4560-84C4-E8AEA2B22030}.Release|iPhone.Build.0 = Release|iPhone
		{28702756-C3CB-4560-84C4-E8AEA2B22030}.Release|iPhone.Deploy.0 = Release|iPhone
		{28702756-C3CB-4560-84C4-E8AEA2B22030}.Release|iPhoneSimulator.ActiveCfg = Release|iPhoneSimulator
		{28702756-C3CB-4560-84C4-E8AEA2B22030}.Release|iPhoneSimulator.Build.0 = Release|iPhoneSimulator
		{28702756-C3CB-4560-84C4-E8AEA2B22030}.Release|iPhoneSimulator.Deploy.0 = Release|iPhoneSimulator
		{93E8954E-7819-4725-9F30-9CEA6E207A3A}.Debug|Any CPU.ActiveCfg = Debug|Any CPU
		{93E8954E-7819-4725-9F30-9CEA6E207A3A}.Debug|Any CPU.Build.0 = Debug|Any CPU
		{93E8954E-7819-4725-9F30-9CEA6E207A3A}.Debug|Any CPU.Deploy.0 = Debug|Any CPU
		{93E8954E-7819-4725-9F30-9CEA6E207A3A}.Debug|iPhone.ActiveCfg = Debug|Any CPU
		{93E8954E-7819-4725-9F30-9CEA6E207A3A}.Debug|iPhone.Build.0 = Debug|Any CPU
		{93E8954E-7819-4725-9F30-9CEA6E207A3A}.Debug|iPhone.Deploy.0 = Debug|Any CPU
		{93E8954E-7819-4725-9F30-9CEA6E207A3A}.Debug|iPhoneSimulator.ActiveCfg = Debug|Any CPU
		{93E8954E-7819-4725-9F30-9CEA6E207A3A}.Debug|iPhoneSimulator.Build.0 = Debug|Any CPU
		{93E8954E-7819-4725-9F30-9CEA6E207A3A}.Debug|iPhoneSimulator.Deploy.0 = Debug|Any CPU
		{93E8954E-7819-4725-9F30-9CEA6E207A3A}.Release|Any CPU.ActiveCfg = Release|Any CPU
		{93E8954E-7819-4725-9F30-9CEA6E207A3A}.Release|Any CPU.Build.0 = Release|Any CPU
		{93E8954E-7819-4725-9F30-9CEA6E207A3A}.Release|Any CPU.Deploy.0 = Release|Any CPU
		{93E8954E-7819-4725-9F30-9CEA6E207A3A}.Release|iPhone.ActiveCfg = Release|Any CPU
		{93E8954E-7819-4725-9F30-9CEA6E207A3A}.Release|iPhone.Build.0 = Release|Any CPU
		{93E8954E-7819-4725-9F30-9CEA6E207A3A}.Release|iPhone.Deploy.0 = Release|Any CPU
		{93E8954E-7819-4725-9F30-9CEA6E207A3A}.Release|iPhoneSimulator.ActiveCfg = Release|Any CPU
		{93E8954E-7819-4725-9F30-9CEA6E207A3A}.Release|iPhoneSimulator.Build.0 = Release|Any CPU
		{93E8954E-7819-4725-9F30-9CEA6E207A3A}.Release|iPhoneSimulator.Deploy.0 = Release|Any CPU
	EndGlobalSection
	GlobalSection(SolutionProperties) = preSolution
		HideSolutionNode = FALSE
	EndGlobalSection
	GlobalSection(ExtensibilityGlobals) = postSolution
		SolutionGuid = {A88AEBFA-3A08-43BA-823C-B67CE9ADB805}
	EndGlobalSection
EndGlobal
